// !$*UTF8*$!
{
	archiveVersion = 1;
	classes = {
	};
	objectVersion = 50;
	objects = {

/* Begin PBXBuildFile section */
		829AD5CC21CB7EF100F31E1A /* AppDelegate.swift in Sources */ = {isa = PBXBuildFile; fileRef = 829AD5CB21CB7EF100F31E1A /* AppDelegate.swift */; };
		829AD5D021CB7EF100F31E1A /* ViewController.swift in Sources */ = {isa = PBXBuildFile; fileRef = 829AD5CF21CB7EF100F31E1A /* ViewController.swift */; };
		829AD5D321CB7EF100F31E1A /* Main.storyboard in Resources */ = {isa = PBXBuildFile; fileRef = 829AD5D121CB7EF100F31E1A /* Main.storyboard */; };
		829AD5D521CB7EF500F31E1A /* Assets.xcassets in Resources */ = {isa = PBXBuildFile; fileRef = 829AD5D421CB7EF500F31E1A /* Assets.xcassets */; };
		829AD5D821CB7EF500F31E1A /* LaunchScreen.storyboard in Resources */ = {isa = PBXBuildFile; fileRef = 829AD5D621CB7EF500F31E1A /* LaunchScreen.storyboard */; };
		829AD5E921CB7F5800F31E1A /* max_AO.png in Resources */ = {isa = PBXBuildFile; fileRef = 829AD5DF21CB7F5700F31E1A /* max_AO.png */; };
		829AD5EA21CB7F5800F31E1A /* window2.png in Resources */ = {isa = PBXBuildFile; fileRef = 829AD5E021CB7F5700F31E1A /* window2.png */; };
		829AD5EB21CB7F5800F31E1A /* gabo.png in Resources */ = {isa = PBXBuildFile; fileRef = 829AD5E121CB7F5700F31E1A /* gabo.png */; };
		829AD5EC21CB7F5800F31E1A /* cage.png in Resources */ = {isa = PBXBuildFile; fileRef = 829AD5E221CB7F5700F31E1A /* cage.png */; };
		829AD5ED21CB7F5800F31E1A /* main.scn in Resources */ = {isa = PBXBuildFile; fileRef = 829AD5E321CB7F5700F31E1A /* main.scn */; };
		829AD5EE21CB7F5800F31E1A /* max_diffuseD.png in Resources */ = {isa = PBXBuildFile; fileRef = 829AD5E421CB7F5700F31E1A /* max_diffuseD.png */; };
		829AD5EF21CB7F5800F31E1A /* max_roughness.png in Resources */ = {isa = PBXBuildFile; fileRef = 829AD5E521CB7F5700F31E1A /* max_roughness.png */; };
		829AD5F021CB7F5800F31E1A /* window1.png in Resources */ = {isa = PBXBuildFile; fileRef = 829AD5E621CB7F5700F31E1A /* window1.png */; };
		829AD5F121CB7F5800F31E1A /* window3.png in Resources */ = {isa = PBXBuildFile; fileRef = 829AD5E721CB7F5700F31E1A /* window3.png */; };
		829AD5F221CB7F5800F31E1A /* max_specular.png in Resources */ = {isa = PBXBuildFile; fileRef = 829AD5E821CB7F5700F31E1A /* max_specular.png */; };
/* End PBXBuildFile section */

/* Begin PBXFileReference section */
		829AD5C821CB7EF100F31E1A /* ARFollowObject.app */ = {isa = PBXFileReference; explicitFileType = wrapper.application; includeInIndex = 0; path = ARFollowObject.app; sourceTree = BUILT_PRODUCTS_DIR; };
		829AD5CB21CB7EF100F31E1A /* AppDelegate.swift */ = {isa = PBXFileReference; lastKnownFileType = sourcecode.swift; path = AppDelegate.swift; sourceTree = "<group>"; };
		829AD5CF21CB7EF100F31E1A /* ViewController.swift */ = {isa = PBXFileReference; lastKnownFileType = sourcecode.swift; path = ViewController.swift; sourceTree = "<group>"; };
		829AD5D221CB7EF100F31E1A /* Base */ = {isa = PBXFileReference; lastKnownFileType = file.storyboard; name = Base; path = Base.lproj/Main.storyboard; sourceTree = "<group>"; };
		829AD5D421CB7EF500F31E1A /* Assets.xcassets */ = {isa = PBXFileReference; lastKnownFileType = folder.assetcatalog; path = Assets.xcassets; sourceTree = "<group>"; };
		829AD5D721CB7EF500F31E1A /* Base */ = {isa = PBXFileReference; lastKnownFileType = file.storyboard; name = Base; path = Base.lproj/LaunchScreen.storyboard; sourceTree = "<group>"; };
		829AD5D921CB7EF500F31E1A /* Info.plist */ = {isa = PBXFileReference; lastKnownFileType = text.plist.xml; path = Info.plist; sourceTree = "<group>"; };
		829AD5DF21CB7F5700F31E1A /* max_AO.png */ = {isa = PBXFileReference; lastKnownFileType = image.png; path = max_AO.png; sourceTree = "<group>"; };
		829AD5E021CB7F5700F31E1A /* window2.png */ = {isa = PBXFileReference; lastKnownFileType = image.png; path = window2.png; sourceTree = "<group>"; };
		829AD5E121CB7F5700F31E1A /* gabo.png */ = {isa = PBXFileReference; lastKnownFileType = image.png; path = gabo.png; sourceTree = "<group>"; };
		829AD5E221CB7F5700F31E1A /* cage.png */ = {isa = PBXFileReference; lastKnownFileType = image.png; path = cage.png; sourceTree = "<group>"; };
		829AD5E321CB7F5700F31E1A /* main.scn */ = {isa = PBXFileReference; lastKnownFileType = file.bplist; path = main.scn; sourceTree = "<group>"; };
		829AD5E421CB7F5700F31E1A /* max_diffuseD.png */ = {isa = PBXFileReference; lastKnownFileType = image.png; path = max_diffuseD.png; sourceTree = "<group>"; };
		829AD5E521CB7F5700F31E1A /* max_roughness.png */ = {isa = PBXFileReference; lastKnownFileType = image.png; path = max_roughness.png; sourceTree = "<group>"; };
		829AD5E621CB7F5700F31E1A /* window1.png */ = {isa = PBXFileReference; lastKnownFileType = image.png; path = window1.png; sourceTree = "<group>"; };
		829AD5E721CB7F5700F31E1A /* window3.png */ = {isa = PBXFileReference; lastKnownFileType = image.png; path = window3.png; sourceTree = "<group>"; };
		829AD5E821CB7F5700F31E1A /* max_specular.png */ = {isa = PBXFileReference; lastKnownFileType = image.png; path = max_specular.png; sourceTree = "<group>"; };
/* End PBXFileReference section */

/* Begin PBXFrameworksBuildPhase section */
		829AD5C521CB7EF100F31E1A /* Frameworks */ = {
			isa = PBXFrameworksBuildPhase;
			buildActionMask = 2147483647;
			files = (
			);
			runOnlyForDeploymentPostprocessing = 0;
		};
/* End PBXFrameworksBuildPhase section */

/* Begin PBXGroup section */
		829AD5BF21CB7EF100F31E1A = {
			isa = PBXGroup;
			children = (
				829AD5CA21CB7EF100F31E1A /* ARFollowObject */,
				829AD5C921CB7EF100F31E1A /* Products */,
			);
			sourceTree = "<group>";
		};
		829AD5C921CB7EF100F31E1A /* Products */ = {
			isa = PBXGroup;
			children = (
				829AD5C821CB7EF100F31E1A /* ARFollowObject.app */,
			);
			name = Products;
			sourceTree = "<group>";
		};
		829AD5CA21CB7EF100F31E1A /* ARFollowObject */ = {
			isa = PBXGroup;
			children = (
				829AD5CB21CB7EF100F31E1A /* AppDelegate.swift */,
				829AD5CF21CB7EF100F31E1A /* ViewController.swift */,
				829AD5E321CB7F5700F31E1A /* main.scn */,
				829AD5E621CB7F5700F31E1A /* window1.png */,
				829AD5E021CB7F5700F31E1A /* window2.png */,
				829AD5E721CB7F5700F31E1A /* window3.png */,
				829AD5E221CB7F5700F31E1A /* cage.png */,
				829AD5E121CB7F5700F31E1A /* gabo.png */,
				829AD5DF21CB7F5700F31E1A /* max_AO.png */,
				829AD5E421CB7F5700F31E1A /* max_diffuseD.png */,
				829AD5E521CB7F5700F31E1A /* max_roughness.png */,
				829AD5E821CB7F5700F31E1A /* max_specular.png */,
				829AD5D421CB7EF500F31E1A /* Assets.xcassets */,
				829AD5D121CB7EF100F31E1A /* Main.storyboard */,
				829AD5D621CB7EF500F31E1A /* LaunchScreen.storyboard */,
				829AD5D921CB7EF500F31E1A /* Info.plist */,
			);
			path = ARFollowObject;
			sourceTree = "<group>";
		};
/* End PBXGroup section */

/* Begin PBXNativeTarget section */
		829AD5C721CB7EF100F31E1A /* ARFollowObject */ = {
			isa = PBXNativeTarget;
			buildConfigurationList = 829AD5DC21CB7EF500F31E1A /* Build configuration list for PBXNativeTarget "ARFollowObject" */;
			buildPhases = (
				829AD5C421CB7EF100F31E1A /* Sources */,
				829AD5C521CB7EF100F31E1A /* Frameworks */,
				829AD5C621CB7EF100F31E1A /* Resources */,
			);
			buildRules = (
			);
			dependencies = (
			);
			name = ARFollowObject;
			productName = ARFollowObject;
			productReference = 829AD5C821CB7EF100F31E1A /* ARFollowObject.app */;
			productType = "com.apple.product-type.application";
		};
/* End PBXNativeTarget section */

/* Begin PBXProject section */
		829AD5C021CB7EF100F31E1A /* Project object */ = {
			isa = PBXProject;
			attributes = {
				LastSwiftUpdateCheck = 1010;
				LastUpgradeCheck = 1010;
				ORGANIZATIONNAME = "Toshihiro Goto";
				TargetAttributes = {
					829AD5C721CB7EF100F31E1A = {
						CreatedOnToolsVersion = 10.1;
					};
				};
			};
			buildConfigurationList = 829AD5C321CB7EF100F31E1A /* Build configuration list for PBXProject "ARFollowObject" */;
			compatibilityVersion = "Xcode 9.3";
			developmentRegion = en;
			hasScannedForEncodings = 0;
			knownRegions = (
				en,
				Base,
			);
			mainGroup = 829AD5BF21CB7EF100F31E1A;
			productRefGroup = 829AD5C921CB7EF100F31E1A /* Products */;
			projectDirPath = "";
			projectRoot = "";
			targets = (
				829AD5C721CB7EF100F31E1A /* ARFollowObject */,
			);
		};
/* End PBXProject section */

/* Begin PBXResourcesBuildPhase section */
		829AD5C621CB7EF100F31E1A /* Resources */ = {
			isa = PBXResourcesBuildPhase;
			buildActionMask = 2147483647;
			files = (
				829AD5F021CB7F5800F31E1A /* window1.png in Resources */,
				829AD5EC21CB7F5800F31E1A /* cage.png in Resources */,
				829AD5EF21CB7F5800F31E1A /* max_roughness.png in Resources */,
				829AD5D821CB7EF500F31E1A /* LaunchScreen.storyboard in Resources */,
				829AD5F221CB7F5800F31E1A /* max_specular.png in Resources */,
				829AD5EA21CB7F5800F31E1A /* window2.png in Resources */,
				829AD5F121CB7F5800F31E1A /* window3.png in Resources */,
				829AD5EB21CB7F5800F31E1A /* gabo.png in Resources */,
				829AD5D521CB7EF500F31E1A /* Assets.xcassets in Resources */,
				829AD5EE21CB7F5800F31E1A /* max_diffuseD.png in Resources */,
				829AD5E921CB7F5800F31E1A /* max_AO.png in Resources */,
				829AD5D321CB7EF100F31E1A /* Main.storyboard in Resources */,
				829AD5ED21CB7F5800F31E1A /* main.scn in Resources */,
			);
			runOnlyForDeploymentPostprocessing = 0;
		};
/* End PBXResourcesBuildPhase section */

/* Begin PBXSourcesBuildPhase section */
		829AD5C421CB7EF100F31E1A /* Sources */ = {
			isa = PBXSourcesBuildPhase;
			buildActionMask = 2147483647;
			files = (
				829AD5D021CB7EF100F31E1A /* ViewController.swift in Sources */,
				829AD5CC21CB7EF100F31E1A /* AppDelegate.swift in Sources */,
			);
			runOnlyForDeploymentPostprocessing = 0;
		};
/* End PBXSourcesBuildPhase section */

/* Begin PBXVariantGroup section */
		829AD5D121CB7EF100F31E1A /* Main.storyboard */ = {
			isa = PBXVariantGroup;
			children = (
				829AD5D221CB7EF100F31E1A /* Base */,
			);
			name = Main.storyboard;
			sourceTree = "<group>";
		};
		829AD5D621CB7EF500F31E1A /* LaunchScreen.storyboard */ = {
			isa = PBXVariantGroup;
			children = (
				829AD5D721CB7EF500F31E1A /* Base */,
			);
			name = LaunchScreen.storyboard;
			sourceTree = "<group>";
		};
/* End PBXVariantGroup section */

/* Begin XCBuildConfiguration section */
		829AD5DA21CB7EF500F31E1A /* Debug */ = {
			isa = XCBuildConfiguration;
			buildSettings = {
				ALWAYS_SEARCH_USER_PATHS = NO;
				CLANG_ANALYZER_NONNULL = YES;
				CLANG_ANALYZER_NUMBER_OBJECT_CONVERSION = YES_AGGRESSIVE;
				CLANG_CXX_LANGUAGE_STANDARD = "gnu++14";
				CLANG_CXX_LIBRARY = "libc++";
				CLANG_ENABLE_MODULES = YES;
				CLANG_ENABLE_OBJC_ARC = YES;
				CLANG_ENABLE_OBJC_WEAK = YES;
				CLANG_WARN_BLOCK_CAPTURE_AUTORELEASING = YES;
				CLANG_WARN_BOOL_CONVERSION = YES;
				CLANG_WARN_COMMA = YES;
				CLANG_WARN_CONSTANT_CONVERSION = YES;
				CLANG_WARN_DEPRECATED_OBJC_IMPLEMENTATIONS = YES;
				CLANG_WARN_DIRECT_OBJC_ISA_USAGE = YES_ERROR;
				CLANG_WARN_DOCUMENTATION_COMMENTS = YES;
				CLANG_WARN_EMPTY_BODY = YES;
				CLANG_WARN_ENUM_CONVERSION = YES;
				CLANG_WARN_INFINITE_RECURSION = YES;
				CLANG_WARN_INT_CONVERSION = YES;
				CLANG_WARN_NON_LITERAL_NULL_CONVERSION = YES;
				CLANG_WARN_OBJC_IMPLICIT_RETAIN_SELF = YES;
				CLANG_WARN_OBJC_LITERAL_CONVERSION = YES;
				CLANG_WARN_OBJC_ROOT_CLASS = YES_ERROR;
				CLANG_WARN_RANGE_LOOP_ANALYSIS = YES;
				CLANG_WARN_STRICT_PROTOTYPES = YES;
				CLANG_WARN_SUSPICIOUS_MOVE = YES;
				CLANG_WARN_UNGUARDED_AVAILABILITY = YES_AGGRESSIVE;
				CLANG_WARN_UNREACHABLE_CODE = YES;
				CLANG_WARN__DUPLICATE_METHOD_MATCH = YES;
				CODE_SIGN_IDENTITY = "iPhone Developer";
				COPY_PHASE_STRIP = NO;
				DEBUG_INFORMATION_FORMAT = dwarf;
				ENABLE_STRICT_OBJC_MSGSEND = YES;
				ENABLE_TESTABILITY = YES;
				GCC_C_LANGUAGE_STANDARD = gnu11;
				GCC_DYNAMIC_NO_PIC = NO;
				GCC_NO_COMMON_BLOCKS = YES;
				GCC_OPTIMIZATION_LEVEL = 0;
				GCC_PREPROCESSOR_DEFINITIONS = (
					"DEBUG=1",
					"$(inherited)",
				);
				GCC_WARN_64_TO_32_BIT_CONVERSION = YES;
				GCC_WARN_ABOUT_RETURN_TYPE = YES_ERROR;
				GCC_WARN_UNDECLARED_SELECTOR = YES;
				GCC_WARN_UNINITIALIZED_AUTOS = YES_AGGRESSIVE;
				GCC_WARN_UNUSED_FUNCTION = YES;
				GCC_WARN_UNUSED_VARIABLE = YES;
				IPHONEOS_DEPLOYMENT_TARGET = 12.1;
				MTL_ENABLE_DEBUG_INFO = INCLUDE_SOURCE;
				MTL_FAST_MATH = YES;
				ONLY_ACTIVE_ARCH = YES;
				SDKROOT = iphoneos;
				SWIFT_ACTIVE_COMPILATION_CONDITIONS = DEBUG;
				SWIFT_OPTIMIZATION_LEVEL = "-Onone";
			};
			name = Debug;
		};
		829AD5DB21CB7EF500F31E1A /* Release */ = {
			isa = XCBuildConfiguration;
			buildSettings = {
				ALWAYS_SEARCH_USER_PATHS = NO;
				CLANG_ANALYZER_NONNULL = YES;
				CLANG_ANALYZER_NUMBER_OBJECT_CONVERSION = YES_AGGRESSIVE;
				CLANG_CXX_LANGUAGE_STANDARD = "gnu++14";
				CLANG_CXX_LIBRARY = "libc++";
				CLANG_ENABLE_MODULES = YES;
				CLANG_ENABLE_OBJC_ARC = YES;
				CLANG_ENABLE_OBJC_WEAK = YES;
				CLANG_WARN_BLOCK_CAPTURE_AUTORELEASING = YES;
				CLANG_WARN_BOOL_CONVERSION = YES;
				CLANG_WARN_COMMA = YES;
				CLANG_WARN_CONSTANT_CONVERSION = YES;
				CLANG_WARN_DEPRECATED_OBJC_IMPLEMENTATIONS = YES;
				CLANG_WARN_DIRECT_OBJC_ISA_USAGE = YES_ERROR;
				CLANG_WARN_DOCUMENTATION_COMMENTS = YES;
				CLANG_WARN_EMPTY_BODY = YES;
				CLANG_WARN_ENUM_CONVERSION = YES;
				CLANG_WARN_INFINITE_RECURSION = YES;
				CLANG_WARN_INT_CONVERSION = YES;
				CLANG_WARN_NON_LITERAL_NULL_CONVERSION = YES;
				CLANG_WARN_OBJC_IMPLICIT_RETAIN_SELF = YES;
				CLANG_WARN_OBJC_LITERAL_CONVERSION = YES;
				CLANG_WARN_OBJC_ROOT_CLASS = YES_ERROR;
				CLANG_WARN_RANGE_LOOP_ANALYSIS = YES;
				CLANG_WARN_STRICT_PROTOTYPES = YES;
				CLANG_WARN_SUSPICIOUS_MOVE = YES;
				CLANG_WARN_UNGUARDED_AVAILABILITY = YES_AGGRESSIVE;
				CLANG_WARN_UNREACHABLE_CODE = YES;
				CLANG_WARN__DUPLICATE_METHOD_MATCH = YES;
				CODE_SIGN_IDENTITY = "iPhone Developer";
				COPY_PHASE_STRIP = NO;
				DEBUG_INFORMATION_FORMAT = "dwarf-with-dsym";
				ENABLE_NS_ASSERTIONS = NO;
				ENABLE_STRICT_OBJC_MSGSEND = YES;
				GCC_C_LANGUAGE_STANDARD = gnu11;
				GCC_NO_COMMON_BLOCKS = YES;
				GCC_WARN_64_TO_32_BIT_CONVERSION = YES;
				GCC_WARN_ABOUT_RETURN_TYPE = YES_ERROR;
				GCC_WARN_UNDECLARED_SELECTOR = YES;
				GCC_WARN_UNINITIALIZED_AUTOS = YES_AGGRESSIVE;
				GCC_WARN_UNUSED_FUNCTION = YES;
				GCC_WARN_UNUSED_VARIABLE = YES;
				IPHONEOS_DEPLOYMENT_TARGET = 12.1;
				MTL_ENABLE_DEBUG_INFO = NO;
				MTL_FAST_MATH = YES;
				SDKROOT = iphoneos;
				SWIFT_COMPILATION_MODE = wholemodule;
				SWIFT_OPTIMIZATION_LEVEL = "-O";
				VALIDATE_PRODUCT = YES;
			};
			name = Release;
		};
		829AD5DD21CB7EF500F31E1A /* Debug */ = {
			isa = XCBuildConfiguration;
			buildSettings = {
				ASSETCATALOG_COMPILER_APPICON_NAME = AppIcon;
				CODE_SIGN_STYLE = Automatic;
				DEVELOPMENT_TEAM = 43RPG97GKY;
				INFOPLIST_FILE = ARFollowObject/Info.plist;
				LD_RUNPATH_SEARCH_PATHS = (
					"$(inherited)",
					"@executable_path/Frameworks",
				);
				PRODUCT_BUNDLE_IDENTIFIER = com.toshihiroGotoh.ARFollowObject;
				PRODUCT_NAME = "$(TARGET_NAME)";
				SWIFT_VERSION = 4.2;
				TARGETED_DEVICE_FAMILY = "1,2";
			};
			name = Debug;
		};
		829AD5DE21CB7EF500F31E1A /* Release */ = {
			isa = XCBuildConfiguration;
			buildSettings = {
				ASSETCATALOG_COMPILER_APPICON_NAME = AppIcon;
				CODE_SIGN_STYLE = Automatic;
				DEVELOPMENT_TEAM = 43RPG97GKY;
				INFOPLIST_FILE = ARFollowObject/Info.plist;
				LD_RUNPATH_SEARCH_PATHS = (
					"$(inherited)",
					"@executable_path/Frameworks",
				);
				PRODUCT_BUNDLE_IDENTIFIER = com.toshihiroGotoh.ARFollowObject;
				PRODUCT_NAME = "$(TARGET_NAME)";
				SWIFT_VERSION = 4.2;
				TARGETED_DEVICE_FAMILY = "1,2";
			};
			name = Release;
		};
/* End XCBuildConfiguration section */

/* Begin XCConfigurationList section */
		829AD5C321CB7EF100F31E1A /* Build configuration list for PBXProject "ARFollowObject" */ = {
			isa = XCConfigurationList;
			buildConfigurations = (
				829AD5DA21CB7EF500F31E1A /* Debug */,
				829AD5DB21CB7EF500F31E1A /* Release */,
			);
			defaultConfigurationIsVisible = 0;
			defaultConfigurationName = Release;
		};
		829AD5DC21CB7EF500F31E1A /* Build configuration list for PBXNativeTarget "ARFollowObject" */ = {
			isa = XCConfigurationList;
			buildConfigurations = (
				829AD5DD21CB7EF500F31E1A /* Debug */,
				829AD5DE21CB7EF500F31E1A /* Release */,
			);
			defaultConfigurationIsVisible = 0;
			defaultConfigurationName = Release;
		};
/* End XCConfigurationList section */
	};
	rootObject = 829AD5C021CB7EF100F31E1A /* Project object */;
}
